
Microsoft Visual Studio Solution File, Format Version 12.00
# Visual Studio Version 16
VisualStudioVersion = 16.0.29326.143
MinimumVisualStudioVersion = 10.0.40219.1
Project("{FAE04EC0-301F-11D3-BF4B-00C04F79EFBC}") = "ReadNumber", "ReadNumber.csproj", "{22E1610E-DDCA-4000-BECC-5A8C37499C23}"
EndProject
Global
	GlobalSection(SolutionConfigurationPlatforms) = preSolution
		Debug|Any CPU = Debug|Any CPU
		Release|Any CPU = Release|Any CPU
	EndGlobalSection
	GlobalSection(ProjectConfigurationPlatforms) = postSolution
		{22E1610E-DDCA-4000-BECC-5A8C37499C23}.Debug|Any CPU.ActiveCfg = Debug|Any CPU
		{22E1610E-DDCA-4000-BECC-5A8C37499C23}.Debug|Any CPU.Build.0 = Debug|Any CPU
		{22E1610E-DDCA-4000-BECC-5A8C37499C23}.Release|Any CPU.ActiveCfg = Release|Any CPU
		{22E1610E-DDCA-4000-BECC-5A8C37499C23}.Release|Any CPU.Build.0 = Release|Any CPU
	EndGlobalSection
	GlobalSection(SolutionProperties) = preSolution
		HideSolutionNode = FALSE
	EndGlobalSection
	GlobalSection(ExtensibilityGlobals) = postSolution
		SolutionGuid = {ED38E27D-60B0-420D-B5DE-1528301B5AA3}
	EndGlobalSection
EndGlobal
